{
  "pins" : [
    {
      "identity" : "mbutilities",
      "kind" : "remoteSourceControl",
      "location" : "https://github.com/Bonney/MBUtilities",
      "state" : {
        "branch" : "master",
        "revision" : "7b57fe58308bed2e49d5dd3eb3f3435aacc570ca"
      }
    }
  ],
  "version" : 2
}
